
Microsoft Visual Studio Solution File, Format Version 12.00
# Visual Studio 15
VisualStudioVersion = 15.0.28307.271
MinimumVisualStudioVersion = 10.0.40219.1
Project("{E24C65DC-7377-472B-9ABA-BC803B73C61A}") = "fcmRest", "fcmRest\", "{CF5CFEB2-AAF4-40B4-81AB-1CE2506908A7}"
	ProjectSection(WebsiteProperties) = preProject
		TargetFrameworkMoniker = ".NETFramework,Version%3Dv4.6.1"
		ProjectReferences = "{80254c24-2502-4a06-9aef-684dcdec9532}|FCMHelper.dll;"
		Debug.AspNetCompiler.VirtualPath = "/localhost_60732"
		Debug.AspNetCompiler.PhysicalPath = "fcmRest\"
		Debug.AspNetCompiler.TargetPath = "PrecompiledWeb\localhost_60732\"
		Debug.AspNetCompiler.Updateable = "true"
		Debug.AspNetCompiler.ForceOverwrite = "true"
		Debug.AspNetCompiler.FixedNames = "false"
		Debug.AspNetCompiler.Debug = "True"
		Release.AspNetCompiler.VirtualPath = "/localhost_60732"
		Release.AspNetCompiler.PhysicalPath = "fcmRest\"
		Release.AspNetCompiler.TargetPath = "PrecompiledWeb\localhost_60732\"
		Release.AspNetCompiler.Updateable = "true"
		Release.AspNetCompiler.ForceOverwrite = "true"
		Release.AspNetCompiler.FixedNames = "false"
		Release.AspNetCompiler.Debug = "False"
		VWDPort = "60732"
		SlnRelativePath = "fcmRest\"
		DefaultWebSiteLanguage = "Visual C#"
	EndProjectSection
EndProject
Project("{FAE04EC0-301F-11D3-BF4B-00C04F79EFBC}") = "FCMHelper", "FCMHelper\FCMHelper.csproj", "{80254C24-2502-4A06-9AEF-684DCDEC9532}"
EndProject
Global
	GlobalSection(SolutionConfigurationPlatforms) = preSolution
		Debug|Any CPU = Debug|Any CPU
		Release|Any CPU = Release|Any CPU
	EndGlobalSection
	GlobalSection(ProjectConfigurationPlatforms) = postSolution
		{CF5CFEB2-AAF4-40B4-81AB-1CE2506908A7}.Debug|Any CPU.ActiveCfg = Debug|Any CPU
		{CF5CFEB2-AAF4-40B4-81AB-1CE2506908A7}.Debug|Any CPU.Build.0 = Debug|Any CPU
		{CF5CFEB2-AAF4-40B4-81AB-1CE2506908A7}.Release|Any CPU.ActiveCfg = Debug|Any CPU
		{CF5CFEB2-AAF4-40B4-81AB-1CE2506908A7}.Release|Any CPU.Build.0 = Debug|Any CPU
		{80254C24-2502-4A06-9AEF-684DCDEC9532}.Debug|Any CPU.ActiveCfg = Debug|Any CPU
		{80254C24-2502-4A06-9AEF-684DCDEC9532}.Debug|Any CPU.Build.0 = Debug|Any CPU
		{80254C24-2502-4A06-9AEF-684DCDEC9532}.Release|Any CPU.ActiveCfg = Release|Any CPU
		{80254C24-2502-4A06-9AEF-684DCDEC9532}.Release|Any CPU.Build.0 = Release|Any CPU
	EndGlobalSection
	GlobalSection(SolutionProperties) = preSolution
		HideSolutionNode = FALSE
	EndGlobalSection
	GlobalSection(ExtensibilityGlobals) = postSolution
		SolutionGuid = {F5ACA570-6F3F-4EFF-AC6E-6FD329F3B649}
	EndGlobalSection
EndGlobal
